
Microsoft Visual Studio Solution File, Format Version 12.00
# Visual Studio Version 17
VisualStudioVersion = 17.1.32319.34
MinimumVisualStudioVersion = 10.0.40219.1
Project("{FAE04EC0-301F-11D3-BF4B-00C04F79EFBC}") = "Tienda_Servicios.Api.Autor", "Tienda_Servicios.Api.Autor\Tienda_Servicios.Api.Autor.csproj", "{492ABD03-094B-4235-BEE6-4FBE691F7571}"
EndProject
Global
	GlobalSection(SolutionConfigurationPlatforms) = preSolution
		Debug|Any CPU = Debug|Any CPU
		Release|Any CPU = Release|Any CPU
	EndGlobalSection
	GlobalSection(ProjectConfigurationPlatforms) = postSolution
		{492ABD03-094B-4235-BEE6-4FBE691F7571}.Debug|Any CPU.ActiveCfg = Debug|Any CPU
		{492ABD03-094B-4235-BEE6-4FBE691F7571}.Debug|Any CPU.Build.0 = Debug|Any CPU
		{492ABD03-094B-4235-BEE6-4FBE691F7571}.Release|Any CPU.ActiveCfg = Release|Any CPU
		{492ABD03-094B-4235-BEE6-4FBE691F7571}.Release|Any CPU.Build.0 = Release|Any CPU
	EndGlobalSection
	GlobalSection(SolutionProperties) = preSolution
		HideSolutionNode = FALSE
	EndGlobalSection
	GlobalSection(ExtensibilityGlobals) = postSolution
		SolutionGuid = {A38078F0-F3D3-496A-9F67-D53F262BB894}
	EndGlobalSection
EndGlobal
